
Microsoft Visual Studio Solution File, Format Version 12.00
# Visual Studio 2013
VisualStudioVersion = 12.0.21005.1
MinimumVisualStudioVersion = 10.0.40219.1
Project("{FAE04EC0-301F-11D3-BF4B-00C04F79EFBC}") = "Avaliacao50dias", "Avaliacao50dias\Avaliacao50dias.csproj", "{05BAD4C1-CDD5-47A3-A5C2-069DC6D77252}"
EndProject
Global
	GlobalSection(SolutionConfigurationPlatforms) = preSolution
		Debug|Any CPU = Debug|Any CPU
		Release|Any CPU = Release|Any CPU
	EndGlobalSection
	GlobalSection(ProjectConfigurationPlatforms) = postSolution
		{05BAD4C1-CDD5-47A3-A5C2-069DC6D77252}.Debug|Any CPU.ActiveCfg = Debug|Any CPU
		{05BAD4C1-CDD5-47A3-A5C2-069DC6D77252}.Debug|Any CPU.Build.0 = Debug|Any CPU
		{05BAD4C1-CDD5-47A3-A5C2-069DC6D77252}.Release|Any CPU.ActiveCfg = Release|Any CPU
		{05BAD4C1-CDD5-47A3-A5C2-069DC6D77252}.Release|Any CPU.Build.0 = Release|Any CPU
	EndGlobalSection
	GlobalSection(SolutionProperties) = preSolution
		HideSolutionNode = FALSE
	EndGlobalSection
	GlobalSection(ExtensibilityGlobals) = postSolution
		SolutionGuid = {02B5F706-C464-4911-AC40-3C73004CC206}
	EndGlobalSection
EndGlobal
